lockfileVersion: '6.0'

settings:
  autoInstallPeers: true
  excludeLinksFromLockfile: false

dependencies:
  '@fernui/react-core-util':
    specifier: ^1.6.0
    version: 1.6.3(@fernui/util@2.7.1)(react@18.2.0)
  react:
    specifier: ^18.2.0
    version: 18.2.0

devDependencies:
  '@types/react':
    specifier: ^18.2.22
    version: 18.2.22

packages:

  /@fernui/react-core-util@1.6.3(@fernui/util@2.7.1)(react@18.2.0):
    resolution: {integrity: sha512-Eidp6eRjv2rjcyscIOOoMT6vEEAyLIMglYhsJ143JX5k13t/0oJa/P0trxYDyrb8p7EvlloYRpNNG+CEvkdMAw==}
    peerDependencies:
      '@fernui/util': ^2.7.0
      react: ^18.2.0
    dependencies:
      '@fernui/util': 2.7.1
      react: 18.2.0
    dev: false

  /@fernui/util@2.7.1:
    resolution: {integrity: sha512-ZL8vpudcKE1drGgxlyvFXHjOSnizRvwCBJh2tC5CDWkwAcH72K14CrablC13dD4Kad6KVVGWWmnLy85jpzhnGg==}
    dev: false

  /@types/prop-types@15.7.6:
    resolution: {integrity: sha512-RK/kBbYOQQHLYj9Z95eh7S6t7gq4Ojt/NT8HTk8bWVhA5DaF+5SMnxHKkP4gPNN3wAZkKP+VjAf0ebtYzf+fxg==}
    dev: true

  /@types/react@18.2.22:
    resolution: {integrity: sha512-60fLTOLqzarLED2O3UQImc/lsNRgG0jE/a1mPW9KjMemY0LMITWEsbS4VvZ4p6rorEHd5YKxxmMKSDK505GHpA==}
    dependencies:
      '@types/prop-types': 15.7.6
      '@types/scheduler': 0.16.3
      csstype: 3.1.2
    dev: true

  /@types/scheduler@0.16.3:
    resolution: {integrity: sha512-5cJ8CB4yAx7BH1oMvdU0Jh9lrEXyPkar6F9G/ERswkCuvP4KQZfZkSjcMbAICCpQTN4OuZn8tz0HiKv9TGZgrQ==}
    dev: true

  /csstype@3.1.2:
    resolution: {integrity: sha512-I7K1Uu0MBPzaFKg4nI5Q7Vs2t+3gWWW648spaF+Rg7pI9ds18Ugn+lvg4SHczUdKlHI5LWBXyqfS8+DufyBsgQ==}
    dev: true

  /js-tokens@4.0.0:
    resolution: {integrity: sha512-RdJUflcE3cUzKiMqQgsCu06FPu9UdIJO0beYbPhHN4k6apgJtifcoCtT9bcxOpYBtpD2kCM6Sbzg4CausW/PKQ==}
    dev: false

  /loose-envify@1.4.0:
    resolution: {integrity: sha512-lyuxPGr/Wfhrlem2CL/UcnUc1zcqKAImBDzukY7Y5F/yQiNdko6+fRLevlw1HgMySw7f611UIY408EtxRSoK3Q==}
    hasBin: true
    dependencies:
      js-tokens: 4.0.0
    dev: false

  /react@18.2.0:
    resolution: {integrity: sha512-/3IjMdb2L9QbBdWiW5e3P2/npwMBaU9mHCSCUzNln0ZCYbcfTsGbTJrU/kGemdH2IWmB2ioZ+zkxtmq6g09fGQ==}
    engines: {node: '>=0.10.0'}
    dependencies:
      loose-envify: 1.4.0
    dev: false
