lockfileVersion: '6.0'

settings:
  autoInstallPeers: true
  excludeLinksFromLockfile: false

dependencies:
  '@fernui/dom-util':
    specifier: ^1.3.0
    version: 1.4.0(@fernui/util@3.3.0)
  '@fernui/react-core-util':
    specifier: ^2.0.0
    version: 2.8.0(@fernui/util@3.3.0)(react@18.2.0)
  '@fernui/util':
    specifier: ^3.1.0
    version: 3.3.0
  react:
    specifier: ^18.2.0
    version: 18.2.0

devDependencies:
  '@types/react':
    specifier: ^18.2.31
    version: 18.2.31

packages:

  /@fernui/dom-util@1.4.0(@fernui/util@3.3.0):
    resolution: {integrity: sha512-Fj3IHNHevXFsxXfTb5IBgg5kHUISnQgax3TKGSC+ls5lh3AO/QOhbDhODQ4Xo5hAqA3bV1zsmdrrwb+yp3sxSw==}
    peerDependencies:
      '@fernui/util': ^3.2.0
    dependencies:
      '@fernui/util': 3.3.0
    dev: false

  /@fernui/react-core-util@2.8.0(@fernui/util@3.3.0)(react@18.2.0):
    resolution: {integrity: sha512-5QeKUi/9m15vH3kFFYA549EC0wG0DX92rN3uVc8/YrL2ZFyAZnE9rGoBaisVlVz3GviFnoDFCVZDMr5ZixzftQ==}
    peerDependencies:
      '@fernui/util': ^3.2.0
      react: ^18.2.0
    dependencies:
      '@fernui/util': 3.3.0
      react: 18.2.0
    dev: false

  /@fernui/util@3.3.0:
    resolution: {integrity: sha512-D++wsFHmg13GDhVvR6NaSGDcbYk61aEnZ+H//UKMU0OD69WFi4SlGq1Q8D9st0na/6thE93h90pGZx7DTp4nRA==}
    dev: false

  /@types/prop-types@15.7.9:
    resolution: {integrity: sha512-n1yyPsugYNSmHgxDFjicaI2+gCNjsBck8UX9kuofAKlc0h1bL+20oSF72KeNaW2DUlesbEVCFgyV2dPGTiY42g==}
    dev: true

  /@types/react@18.2.31:
    resolution: {integrity: sha512-c2UnPv548q+5DFh03y8lEDeMfDwBn9G3dRwfkrxQMo/dOtRHUUO57k6pHvBIfH/VF4Nh+98mZ5aaSe+2echD5g==}
    dependencies:
      '@types/prop-types': 15.7.9
      '@types/scheduler': 0.16.5
      csstype: 3.1.2
    dev: true

  /@types/scheduler@0.16.5:
    resolution: {integrity: sha512-s/FPdYRmZR8SjLWGMCuax7r3qCWQw9QKHzXVukAuuIJkXkDRwp+Pu5LMIVFi0Fxbav35WURicYr8u1QsoybnQw==}
    dev: true

  /csstype@3.1.2:
    resolution: {integrity: sha512-I7K1Uu0MBPzaFKg4nI5Q7Vs2t+3gWWW648spaF+Rg7pI9ds18Ugn+lvg4SHczUdKlHI5LWBXyqfS8+DufyBsgQ==}
    dev: true

  /js-tokens@4.0.0:
    resolution: {integrity: sha512-RdJUflcE3cUzKiMqQgsCu06FPu9UdIJO0beYbPhHN4k6apgJtifcoCtT9bcxOpYBtpD2kCM6Sbzg4CausW/PKQ==}
    dev: false

  /loose-envify@1.4.0:
    resolution: {integrity: sha512-lyuxPGr/Wfhrlem2CL/UcnUc1zcqKAImBDzukY7Y5F/yQiNdko6+fRLevlw1HgMySw7f611UIY408EtxRSoK3Q==}
    hasBin: true
    dependencies:
      js-tokens: 4.0.0
    dev: false

  /react@18.2.0:
    resolution: {integrity: sha512-/3IjMdb2L9QbBdWiW5e3P2/npwMBaU9mHCSCUzNln0ZCYbcfTsGbTJrU/kGemdH2IWmB2ioZ+zkxtmq6g09fGQ==}
    engines: {node: '>=0.10.0'}
    dependencies:
      loose-envify: 1.4.0
    dev: false
