lockfileVersion: '6.0'

settings:
  autoInstallPeers: true
  excludeLinksFromLockfile: false

dependencies:
  '@fernui/dom-util':
    specifier: ^1.4.0
    version: 1.4.2(@fernui/util@3.3.0)
  '@fernui/react-core-util':
    specifier: ^2.11.0
    version: 2.12.0(@fernui/util@3.3.0)(react@18.2.0)
  '@fernui/util':
    specifier: ^3.3.0
    version: 3.3.0
  react:
    specifier: ^18.2.0
    version: 18.2.0

devDependencies:
  '@types/react':
    specifier: ^18.2.37
    version: 18.2.37

packages:

  /@fernui/dom-util@1.4.2(@fernui/util@3.3.0):
    resolution: {integrity: sha512-aANs/WvLc6THLy9U8hnB1NMlqO60MXBIU88BKU59G1IEiFswnQS0CffdOkCmgNP6Dc2JZc8rxyNY3pt2ycX05g==}
    peerDependencies:
      '@fernui/util': ^3.2.0
    dependencies:
      '@fernui/util': 3.3.0
    dev: false

  /@fernui/react-core-util@2.12.0(@fernui/util@3.3.0)(react@18.2.0):
    resolution: {integrity: sha512-lw9JIgiUfkla+OU2FTf9EA6dRgbzXSt6mdBRQro7S7Uaa4vMsuPsEc5n9XswyCu8jznxgeALfpkkp9v2RS0pqA==}
    peerDependencies:
      '@fernui/util': ^3.2.0
      react: ^18.2.0
    dependencies:
      '@fernui/util': 3.3.0
      react: 18.2.0
    dev: false

  /@fernui/util@3.3.0:
    resolution: {integrity: sha512-D++wsFHmg13GDhVvR6NaSGDcbYk61aEnZ+H//UKMU0OD69WFi4SlGq1Q8D9st0na/6thE93h90pGZx7DTp4nRA==}
    dev: false

  /@types/prop-types@15.7.10:
    resolution: {integrity: sha512-mxSnDQxPqsZxmeShFH+uwQ4kO4gcJcGahjjMFeLbKE95IAZiiZyiEepGZjtXJ7hN/yfu0bu9xN2ajcU0JcxX6A==}
    dev: true

  /@types/react@18.2.37:
    resolution: {integrity: sha512-RGAYMi2bhRgEXT3f4B92WTohopH6bIXw05FuGlmJEnv/omEn190+QYEIYxIAuIBdKgboYYdVved2p1AxZVQnaw==}
    dependencies:
      '@types/prop-types': 15.7.10
      '@types/scheduler': 0.16.6
      csstype: 3.1.2
    dev: true

  /@types/scheduler@0.16.6:
    resolution: {integrity: sha512-Vlktnchmkylvc9SnwwwozTv04L/e1NykF5vgoQ0XTmI8DD+wxfjQuHuvHS3p0r2jz2x2ghPs2h1FVeDirIteWA==}
    dev: true

  /csstype@3.1.2:
    resolution: {integrity: sha512-I7K1Uu0MBPzaFKg4nI5Q7Vs2t+3gWWW648spaF+Rg7pI9ds18Ugn+lvg4SHczUdKlHI5LWBXyqfS8+DufyBsgQ==}
    dev: true

  /js-tokens@4.0.0:
    resolution: {integrity: sha512-RdJUflcE3cUzKiMqQgsCu06FPu9UdIJO0beYbPhHN4k6apgJtifcoCtT9bcxOpYBtpD2kCM6Sbzg4CausW/PKQ==}
    dev: false

  /loose-envify@1.4.0:
    resolution: {integrity: sha512-lyuxPGr/Wfhrlem2CL/UcnUc1zcqKAImBDzukY7Y5F/yQiNdko6+fRLevlw1HgMySw7f611UIY408EtxRSoK3Q==}
    hasBin: true
    dependencies:
      js-tokens: 4.0.0
    dev: false

  /react@18.2.0:
    resolution: {integrity: sha512-/3IjMdb2L9QbBdWiW5e3P2/npwMBaU9mHCSCUzNln0ZCYbcfTsGbTJrU/kGemdH2IWmB2ioZ+zkxtmq6g09fGQ==}
    engines: {node: '>=0.10.0'}
    dependencies:
      loose-envify: 1.4.0
    dev: false
