lockfileVersion: '6.0'

settings:
  autoInstallPeers: true
  excludeLinksFromLockfile: false

dependencies:
  '@fernui/util':
    specifier: ^4.0.0
    version: 4.0.0

packages:

  /@fernui/util@4.0.0:
    resolution: {integrity: sha512-wxtSP9x9TbfKClS8SECX+6sIjbrTROD4Q9r1MnVVhFwPkgRCvB+ecF1mMkrPRvtNYrhAj20aVlj7hZDK4CAQOA==}
    dev: false
