lockfileVersion: '9.0'

settings:
  autoInstallPeers: true
  excludeLinksFromLockfile: false

importers:

  .:
    dependencies:
      '@fernui/util':
        specifier: ^4.0.0
        version: 4.0.2

packages:

  '@fernui/util@4.0.2':
    resolution: {integrity: sha512-QIRdjbj/bygw1i+wUbdHnEj35LUbz908LGybA8xhLCSazfY2DHel8hhy3yowXhb2sKaYKMJtFJ3JGAPivPzdfQ==}

snapshots:

  '@fernui/util@4.0.2': {}
