lockfileVersion: 5.4

specifiers:
  '@fernui/icons': ^2.0.3
  '@fernui/util': ^2.0.2
  '@fernui/util-react': ^2.0.2

dependencies:
  '@fernui/icons': 2.0.3
  '@fernui/util': 2.0.2
  '@fernui/util-react': 2.0.2

packages:

  /@fernui/icons/2.0.3:
    resolution: {integrity: sha512-oBFm3CCo6IcDQ1v8R81jI5VMHjtjuOnbB9vjQMgu5q0W2w/PsAbltuLP5K/Vfwujh0saoQCfb7CZExhx9XihBA==}
    dev: false

  /@fernui/util-react/2.0.2:
    resolution: {integrity: sha512-zAmBRS3xECyR5nKfe7v+N+e1JWjEZ2eutetgI8IfRzqZnN7di1eU3RmrgJVL9fnR9GpBe9KV+EjG9GBjKS8v6A==}
    peerDependencies:
      react: ^18.2.0
      react-dom: ^18.2.0
    dependencies:
      '@fernui/util': 2.0.2
    dev: false

  /@fernui/util/2.0.2:
    resolution: {integrity: sha512-zWgZBi+X+l8QtZOvX8qbo/m4FUByYEQMLKmZHdMudJDrWWAQTlj+zwx4BbOnowATP30IJ5wXD9v36hXL2Cjpsw==}
    dev: false
