lockfileVersion: '6.0'

settings:
  autoInstallPeers: true
  excludeLinksFromLockfile: false

dependencies:
  '@fernui/dom-util':
    specifier: ^1.4.1
    version: 1.4.2(@fernui/util@3.5.0)
  '@fernui/react-core-util':
    specifier: ^3.2.1
    version: 3.2.1(@fernui/util@3.5.0)(react@18.2.0)
  '@fernui/react-util':
    specifier: ^2.5.3
    version: 2.5.3(@fernui/dom-util@1.4.2)(@fernui/react-core-util@3.2.1)(@fernui/util@3.5.0)(react@18.2.0)
  '@fernui/util':
    specifier: ^3.5.0
    version: 3.5.0
  react:
    specifier: ^18.2.0
    version: 18.2.0

devDependencies:
  '@types/react':
    specifier: ^18.2.39
    version: 18.2.39

packages:

  /@fernui/dom-util@1.4.2(@fernui/util@3.5.0):
    resolution: {integrity: sha512-aANs/WvLc6THLy9U8hnB1NMlqO60MXBIU88BKU59G1IEiFswnQS0CffdOkCmgNP6Dc2JZc8rxyNY3pt2ycX05g==}
    peerDependencies:
      '@fernui/util': ^3.2.0
    dependencies:
      '@fernui/util': 3.5.0
    dev: false

  /@fernui/react-core-util@3.2.1(@fernui/util@3.5.0)(react@18.2.0):
    resolution: {integrity: sha512-l9rPqAVOmWtZP/ASQx4z1F4zrHVQoFu+XTNwapff228cn/s97ZPAZXrCvmi5tgMOc9T7/qvT5z5aKahic0xUAw==}
    peerDependencies:
      '@fernui/util': ^3.2.0
      react: ^18.2.0
    dependencies:
      '@fernui/util': 3.5.0
      react: 18.2.0
    dev: false

  /@fernui/react-util@2.5.3(@fernui/dom-util@1.4.2)(@fernui/react-core-util@3.2.1)(@fernui/util@3.5.0)(react@18.2.0):
    resolution: {integrity: sha512-1Rs/UIC1X1pqAIl+vNxmjbD1AiQhB15EsX1DFrOBb21RXBUYMOaqwvPDecIZc/cYbX/tRtXblIbe4yX+8uiioQ==}
    peerDependencies:
      '@fernui/dom-util': ^1.4.0
      '@fernui/react-core-util': ^3.0.0
      '@fernui/util': ^3.5.0
      react: ^18.2.0
    dependencies:
      '@fernui/dom-util': 1.4.2(@fernui/util@3.5.0)
      '@fernui/react-core-util': 3.2.1(@fernui/util@3.5.0)(react@18.2.0)
      '@fernui/util': 3.5.0
      react: 18.2.0
    dev: false

  /@fernui/util@3.5.0:
    resolution: {integrity: sha512-bJLzGAYMSpWurg/mt1+V/1UUW9rpjTQJLuQPZT8Tt/IAVlCFEerxlNPynpx1aBK1fxK8jCJmCQ7bVDi9DBPyHw==}
    dev: false

  /@types/prop-types@15.7.11:
    resolution: {integrity: sha512-ga8y9v9uyeiLdpKddhxYQkxNDrfvuPrlFb0N1qnZZByvcElJaXthF1UhvCh9TLWJBEHeNtdnbysW7Y6Uq8CVng==}
    dev: true

  /@types/react@18.2.39:
    resolution: {integrity: sha512-Oiw+ppED6IremMInLV4HXGbfbG6GyziY3kqAwJYOR0PNbkYDmLWQA3a95EhdSmamsvbkJN96ZNN+YD+fGjzSBA==}
    dependencies:
      '@types/prop-types': 15.7.11
      '@types/scheduler': 0.16.8
      csstype: 3.1.2
    dev: true

  /@types/scheduler@0.16.8:
    resolution: {integrity: sha512-WZLiwShhwLRmeV6zH+GkbOFT6Z6VklCItrDioxUnv+u4Ll+8vKeFySoFyK/0ctcRpOmwAicELfmys1sDc/Rw+A==}
    dev: true

  /csstype@3.1.2:
    resolution: {integrity: sha512-I7K1Uu0MBPzaFKg4nI5Q7Vs2t+3gWWW648spaF+Rg7pI9ds18Ugn+lvg4SHczUdKlHI5LWBXyqfS8+DufyBsgQ==}
    dev: true

  /js-tokens@4.0.0:
    resolution: {integrity: sha512-RdJUflcE3cUzKiMqQgsCu06FPu9UdIJO0beYbPhHN4k6apgJtifcoCtT9bcxOpYBtpD2kCM6Sbzg4CausW/PKQ==}
    dev: false

  /loose-envify@1.4.0:
    resolution: {integrity: sha512-lyuxPGr/Wfhrlem2CL/UcnUc1zcqKAImBDzukY7Y5F/yQiNdko6+fRLevlw1HgMySw7f611UIY408EtxRSoK3Q==}
    hasBin: true
    dependencies:
      js-tokens: 4.0.0
    dev: false

  /react@18.2.0:
    resolution: {integrity: sha512-/3IjMdb2L9QbBdWiW5e3P2/npwMBaU9mHCSCUzNln0ZCYbcfTsGbTJrU/kGemdH2IWmB2ioZ+zkxtmq6g09fGQ==}
    engines: {node: '>=0.10.0'}
    dependencies:
      loose-envify: 1.4.0
    dev: false
